// !$*UTF8*$!
{
	archiveVersion = 1;
	classes = {
	};
	objectVersion = 77;
	objects = {

/* Begin PBXBuildFile section */
		4F5EA2B52E3A529700061EAF /* FrontBoardServices.framework in Frameworks */ = {isa = PBXBuildFile; fileRef = 4F5EA2B42E3A529700061EAF /* FrontBoardServices.framework */; };
		4F61442A2E30AEF000D752BB /* QuartzCorePrivate.framework in Frameworks */ = {isa = PBXBuildFile; fileRef = 4F6144292E30AEF000D752BB /* QuartzCorePrivate.framework */; };
		4F82C0122E2BBA8300216AEA /* CoreRE.framework in Frameworks */ = {isa = PBXBuildFile; fileRef = 4F82C0112E2BBA8300216AEA /* CoreRE.framework */; };
		4F82C0162E2BBAEA00216AEA /* MRUIKit.framework in Frameworks */ = {isa = PBXBuildFile; fileRef = 4F82C0152E2BBAEA00216AEA /* MRUIKit.framework */; };
		4FA6565B2E3FB8C400AAC704 /* MXI.framework in Frameworks */ = {isa = PBXBuildFile; fileRef = 4FA656572E3FB7DF00AAC704 /* MXI.framework */; };
		4FA658762E3FBEEF00AAC704 /* CoreRE3DGSFoundation.framework in Frameworks */ = {isa = PBXBuildFile; fileRef = 4FA657DC2E3FBDD200AAC704 /* CoreRE3DGSFoundation.framework */; };
		4FA65EB32E40D63300AAC704 /* AlchemistBase.xcframework in Frameworks */ = {isa = PBXBuildFile; fileRef = 4FA655512E3F45C100AAC704 /* AlchemistBase.xcframework */; };
		4FA65EB42E40D63700AAC704 /* AlchemistService.xcframework in Frameworks */ = {isa = PBXBuildFile; fileRef = 4FA655522E3F45C100AAC704 /* AlchemistService.xcframework */; };
		4FA65EB62E41F95100AAC704 /* DirectResource.framework in Frameworks */ = {isa = PBXBuildFile; fileRef = 4FA65EB52E41F95100AAC704 /* DirectResource.framework */; };
		4FBDBCA52E2E4E3700CDAF27 /* UIKitPrivate.framework in Frameworks */ = {isa = PBXBuildFile; fileRef = 4FBDBCA42E2E4E3700CDAF27 /* UIKitPrivate.framework */; };
		4FBDBCA92E2E4E4600CDAF27 /* UIKit.framework in Frameworks */ = {isa = PBXBuildFile; fileRef = 4FBDBCA82E2E4E4600CDAF27 /* UIKit.framework */; };
/* End PBXBuildFile section */

/* Begin PBXFileReference section */
		4F5EA2B42E3A529700061EAF /* FrontBoardServices.framework */ = {isa = PBXFileReference; lastKnownFileType = wrapper.framework; path = FrontBoardServices.framework; sourceTree = "<group>"; };
		4F6144292E30AEF000D752BB /* QuartzCorePrivate.framework */ = {isa = PBXFileReference; lastKnownFileType = wrapper.framework; path = QuartzCorePrivate.framework; sourceTree = "<group>"; };
		4F82BFC22E2BB5ED00216AEA /* MyRE.app */ = {isa = PBXFileReference; explicitFileType = wrapper.application; includeInIndex = 0; path = MyRE.app; sourceTree = BUILT_PRODUCTS_DIR; };
		4F82C0112E2BBA8300216AEA /* CoreRE.framework */ = {isa = PBXFileReference; lastKnownFileType = wrapper.framework; path = CoreRE.framework; sourceTree = "<group>"; };
		4F82C0152E2BBAEA00216AEA /* MRUIKit.framework */ = {isa = PBXFileReference; lastKnownFileType = wrapper.framework; path = MRUIKit.framework; sourceTree = "<group>"; };
		4FA655512E3F45C100AAC704 /* AlchemistBase.xcframework */ = {isa = PBXFileReference; lastKnownFileType = wrapper.xcframework; path = AlchemistBase.xcframework; sourceTree = "<group>"; };
		4FA655522E3F45C100AAC704 /* AlchemistService.xcframework */ = {isa = PBXFileReference; lastKnownFileType = wrapper.xcframework; path = AlchemistService.xcframework; sourceTree = "<group>"; };
		4FA656572E3FB7DF00AAC704 /* MXI.framework */ = {isa = PBXFileReference; lastKnownFileType = wrapper.framework; path = MXI.framework; sourceTree = "<group>"; };
		4FA657DC2E3FBDD200AAC704 /* CoreRE3DGSFoundation.framework */ = {isa = PBXFileReference; lastKnownFileType = folder; path = CoreRE3DGSFoundation.framework; sourceTree = "<group>"; };
		4FA65EB52E41F95100AAC704 /* DirectResource.framework */ = {isa = PBXFileReference; lastKnownFileType = wrapper.framework; path = DirectResource.framework; sourceTree = "<group>"; };
		4FBDBCA42E2E4E3700CDAF27 /* UIKitPrivate.framework */ = {isa = PBXFileReference; lastKnownFileType = wrapper.framework; path = UIKitPrivate.framework; sourceTree = "<group>"; };
		4FBDBCA82E2E4E4600CDAF27 /* UIKit.framework */ = {isa = PBXFileReference; lastKnownFileType = wrapper.framework; name = UIKit.framework; path = System/Library/Frameworks/UIKit.framework; sourceTree = SDKROOT; };
/* End PBXFileReference section */

/* Begin PBXFileSystemSynchronizedBuildFileExceptionSet section */
		4F82BFD92E2BB5EE00216AEA /* Exceptions for "MyRE" folder in "MyRE" target */ = {
			isa = PBXFileSystemSynchronizedBuildFileExceptionSet;
			membershipExceptions = (
				Info.plist,
			);
			target = 4F82BFC12E2BB5ED00216AEA /* MyRE */;
		};
/* End PBXFileSystemSynchronizedBuildFileExceptionSet section */

/* Begin PBXFileSystemSynchronizedRootGroup section */
		4F82BFC42E2BB5ED00216AEA /* MyRE */ = {
			isa = PBXFileSystemSynchronizedRootGroup;
			exceptions = (
				4F82BFD92E2BB5EE00216AEA /* Exceptions for "MyRE" folder in "MyRE" target */,
			);
			path = MyRE;
			sourceTree = "<group>";
		};
/* End PBXFileSystemSynchronizedRootGroup section */

/* Begin PBXFrameworksBuildPhase section */
		4F82BFBF2E2BB5ED00216AEA /* Frameworks */ = {
			isa = PBXFrameworksBuildPhase;
			buildActionMask = 2147483647;
			files = (
				4FA658762E3FBEEF00AAC704 /* CoreRE3DGSFoundation.framework in Frameworks */,
				4FBDBCA92E2E4E4600CDAF27 /* UIKit.framework in Frameworks */,
				4FA65EB62E41F95100AAC704 /* DirectResource.framework in Frameworks */,
				4FA6565B2E3FB8C400AAC704 /* MXI.framework in Frameworks */,
				4F61442A2E30AEF000D752BB /* QuartzCorePrivate.framework in Frameworks */,
				4F82C0162E2BBAEA00216AEA /* MRUIKit.framework in Frameworks */,
				4F5EA2B52E3A529700061EAF /* FrontBoardServices.framework in Frameworks */,
				4FBDBCA52E2E4E3700CDAF27 /* UIKitPrivate.framework in Frameworks */,
				4F82C0122E2BBA8300216AEA /* CoreRE.framework in Frameworks */,
				4FA65EB42E40D63700AAC704 /* AlchemistService.xcframework in Frameworks */,
				4FA65EB32E40D63300AAC704 /* AlchemistBase.xcframework in Frameworks */,
			);
			runOnlyForDeploymentPostprocessing = 0;
		};
/* End PBXFrameworksBuildPhase section */

/* Begin PBXGroup section */
		4F82BFB92E2BB5ED00216AEA = {
			isa = PBXGroup;
			children = (
				4F82BFC42E2BB5ED00216AEA /* MyRE */,
				4F82BFDF2E2BB7F800216AEA /* Frameworks */,
				4F82BFC32E2BB5ED00216AEA /* Products */,
			);
			sourceTree = "<group>";
		};
		4F82BFC32E2BB5ED00216AEA /* Products */ = {
			isa = PBXGroup;
			children = (
				4F82BFC22E2BB5ED00216AEA /* MyRE.app */,
			);
			name = Products;
			sourceTree = "<group>";
		};
		4F82BFDF2E2BB7F800216AEA /* Frameworks */ = {
			isa = PBXGroup;
			children = (
				4FA65EB52E41F95100AAC704 /* DirectResource.framework */,
				4FA657DC2E3FBDD200AAC704 /* CoreRE3DGSFoundation.framework */,
				4FA656572E3FB7DF00AAC704 /* MXI.framework */,
				4FA655512E3F45C100AAC704 /* AlchemistBase.xcframework */,
				4FA655522E3F45C100AAC704 /* AlchemistService.xcframework */,
				4F5EA2B42E3A529700061EAF /* FrontBoardServices.framework */,
				4F6144292E30AEF000D752BB /* QuartzCorePrivate.framework */,
				4FBDBCA82E2E4E4600CDAF27 /* UIKit.framework */,
				4FBDBCA42E2E4E3700CDAF27 /* UIKitPrivate.framework */,
				4F82C0152E2BBAEA00216AEA /* MRUIKit.framework */,
				4F82C0112E2BBA8300216AEA /* CoreRE.framework */,
			);
			name = Frameworks;
			sourceTree = "<group>";
		};
/* End PBXGroup section */

/* Begin PBXNativeTarget section */
		4F82BFC12E2BB5ED00216AEA /* MyRE */ = {
			isa = PBXNativeTarget;
			buildConfigurationList = 4F82BFDA2E2BB5EE00216AEA /* Build configuration list for PBXNativeTarget "MyRE" */;
			buildPhases = (
				4F82BFBE2E2BB5ED00216AEA /* Sources */,
				4F82BFBF2E2BB5ED00216AEA /* Frameworks */,
				4F82BFC02E2BB5ED00216AEA /* Resources */,
			);
			buildRules = (
			);
			dependencies = (
			);
			fileSystemSynchronizedGroups = (
				4F82BFC42E2BB5ED00216AEA /* MyRE */,
			);
			name = MyRE;
			packageProductDependencies = (
			);
			productName = MyRE;
			productReference = 4F82BFC22E2BB5ED00216AEA /* MyRE.app */;
			productType = "com.apple.product-type.application";
		};
/* End PBXNativeTarget section */

/* Begin PBXProject section */
		4F82BFBA2E2BB5ED00216AEA /* Project object */ = {
			isa = PBXProject;
			attributes = {
				BuildIndependentTargetsInParallel = 1;
				LastUpgradeCheck = 2600;
				TargetAttributes = {
					4F82BFC12E2BB5ED00216AEA = {
						CreatedOnToolsVersion = 26.0;
						LastSwiftMigration = 2600;
					};
				};
			};
			buildConfigurationList = 4F82BFBD2E2BB5ED00216AEA /* Build configuration list for PBXProject "MyRE" */;
			developmentRegion = en;
			hasScannedForEncodings = 0;
			knownRegions = (
				en,
				Base,
			);
			mainGroup = 4F82BFB92E2BB5ED00216AEA;
			minimizedProjectReferenceProxies = 1;
			preferredProjectObjectVersion = 77;
			productRefGroup = 4F82BFC32E2BB5ED00216AEA /* Products */;
			projectDirPath = "";
			projectRoot = "";
			targets = (
				4F82BFC12E2BB5ED00216AEA /* MyRE */,
			);
		};
/* End PBXProject section */

/* Begin PBXResourcesBuildPhase section */
		4F82BFC02E2BB5ED00216AEA /* Resources */ = {
			isa = PBXResourcesBuildPhase;
			buildActionMask = 2147483647;
			files = (
			);
			runOnlyForDeploymentPostprocessing = 0;
		};
/* End PBXResourcesBuildPhase section */

/* Begin PBXSourcesBuildPhase section */
		4F82BFBE2E2BB5ED00216AEA /* Sources */ = {
			isa = PBXSourcesBuildPhase;
			buildActionMask = 2147483647;
			files = (
			);
			runOnlyForDeploymentPostprocessing = 0;
		};
/* End PBXSourcesBuildPhase section */

/* Begin XCBuildConfiguration section */
		4F82BFDB2E2BB5EE00216AEA /* Debug */ = {
			isa = XCBuildConfiguration;
			buildSettings = {
				ASSETCATALOG_COMPILER_APPICON_NAME = AppIcon;
				ASSETCATALOG_COMPILER_GLOBAL_ACCENT_COLOR_NAME = AccentColor;
				CLANG_ENABLE_MODULES = YES;
				CODE_SIGN_STYLE = Automatic;
				CURRENT_PROJECT_VERSION = 1;
				DEVELOPMENT_TEAM = P53D29U9LJ;
				FRAMEWORK_SEARCH_PATHS = (
					"$(inherited)",
					"$(PROJECT_DIR)",
				);
				GENERATE_INFOPLIST_FILE = YES;
				INFOPLIST_FILE = MyRE/Info.plist;
				INFOPLIST_KEY_UIApplicationSupportsIndirectInputEvents = YES;
				INFOPLIST_KEY_UILaunchStoryboardName = LaunchScreen;
				INFOPLIST_KEY_UISupportedInterfaceOrientations_iPad = "UIInterfaceOrientationPortrait UIInterfaceOrientationPortraitUpsideDown UIInterfaceOrientationLandscapeLeft UIInterfaceOrientationLandscapeRight";
				INFOPLIST_KEY_UISupportedInterfaceOrientations_iPhone = "UIInterfaceOrientationPortrait UIInterfaceOrientationLandscapeLeft UIInterfaceOrientationLandscapeRight";
				LD_RUNPATH_SEARCH_PATHS = (
					"$(inherited)",
					"@executable_path/Frameworks",
				);
				MARKETING_VERSION = 1.0;
				PRODUCT_BUNDLE_IDENTIFIER = com.pookjw.MyRE;
				PRODUCT_NAME = "$(TARGET_NAME)";
				STRING_CATALOG_GENERATE_SYMBOLS = YES;
				SUPPORTED_PLATFORMS = "xros xrsimulator";
				SUPPORTS_MACCATALYST = NO;
				SUPPORTS_MAC_DESIGNED_FOR_IPHONE_IPAD = NO;
				SUPPORTS_XR_DESIGNED_FOR_IPHONE_IPAD = NO;
				SWIFT_EMIT_LOC_STRINGS = YES;
				SWIFT_OBJC_BRIDGING_HEADER = "MyRE/MyRE-Bridging-Header.h";
				SWIFT_OPTIMIZATION_LEVEL = "-Onone";
				SWIFT_VERSION = 6.0;
				TARGETED_DEVICE_FAMILY = 7;
				XROS_DEPLOYMENT_TARGET = 26.0;
			};
			name = Debug;
		};
		4F82BFDC2E2BB5EE00216AEA /* Release */ = {
			isa = XCBuildConfiguration;
			buildSettings = {
				ASSETCATALOG_COMPILER_APPICON_NAME = AppIcon;
				ASSETCATALOG_COMPILER_GLOBAL_ACCENT_COLOR_NAME = AccentColor;
				CLANG_ENABLE_MODULES = YES;
				CODE_SIGN_STYLE = Automatic;
				CURRENT_PROJECT_VERSION = 1;
				DEVELOPMENT_TEAM = P53D29U9LJ;
				FRAMEWORK_SEARCH_PATHS = (
					"$(inherited)",
					"$(PROJECT_DIR)",
				);
				GENERATE_INFOPLIST_FILE = YES;
				INFOPLIST_FILE = MyRE/Info.plist;
				INFOPLIST_KEY_UIApplicationSupportsIndirectInputEvents = YES;
				INFOPLIST_KEY_UILaunchStoryboardName = LaunchScreen;
				INFOPLIST_KEY_UISupportedInterfaceOrientations_iPad = "UIInterfaceOrientationPortrait UIInterfaceOrientationPortraitUpsideDown UIInterfaceOrientationLandscapeLeft UIInterfaceOrientationLandscapeRight";
				INFOPLIST_KEY_UISupportedInterfaceOrientations_iPhone = "UIInterfaceOrientationPortrait UIInterfaceOrientationLandscapeLeft UIInterfaceOrientationLandscapeRight";
				LD_RUNPATH_SEARCH_PATHS = (
					"$(inherited)",
					"@executable_path/Frameworks",
				);
				MARKETING_VERSION = 1.0;
				PRODUCT_BUNDLE_IDENTIFIER = com.pookjw.MyRE;
				PRODUCT_NAME = "$(TARGET_NAME)";
				STRING_CATALOG_GENERATE_SYMBOLS = YES;
				SUPPORTED_PLATFORMS = "xros xrsimulator";
				SUPPORTS_MACCATALYST = NO;
				SUPPORTS_MAC_DESIGNED_FOR_IPHONE_IPAD = NO;
				SUPPORTS_XR_DESIGNED_FOR_IPHONE_IPAD = NO;
				SWIFT_EMIT_LOC_STRINGS = YES;
				SWIFT_OBJC_BRIDGING_HEADER = "MyRE/MyRE-Bridging-Header.h";
				SWIFT_VERSION = 6.0;
				TARGETED_DEVICE_FAMILY = 7;
				XROS_DEPLOYMENT_TARGET = 26.0;
			};
			name = Release;
		};
		4F82BFDD2E2BB5EE00216AEA /* Debug */ = {
			isa = XCBuildConfiguration;
			buildSettings = {
				ALWAYS_SEARCH_USER_PATHS = NO;
				ASSETCATALOG_COMPILER_GENERATE_SWIFT_ASSET_SYMBOL_EXTENSIONS = YES;
				CLANG_ANALYZER_NONNULL = YES;
				CLANG_ANALYZER_NUMBER_OBJECT_CONVERSION = YES_AGGRESSIVE;
				CLANG_CXX_LANGUAGE_STANDARD = "gnu++23";
				CLANG_ENABLE_MODULES = YES;
				CLANG_ENABLE_OBJC_ARC = NO;
				CLANG_ENABLE_OBJC_WEAK = YES;
				CLANG_WARN_BLOCK_CAPTURE_AUTORELEASING = YES;
				CLANG_WARN_BOOL_CONVERSION = YES;
				CLANG_WARN_COMMA = YES;
				CLANG_WARN_CONSTANT_CONVERSION = YES;
				CLANG_WARN_DEPRECATED_OBJC_IMPLEMENTATIONS = YES;
				CLANG_WARN_DIRECT_OBJC_ISA_USAGE = YES_ERROR;
				CLANG_WARN_DOCUMENTATION_COMMENTS = YES;
				CLANG_WARN_EMPTY_BODY = YES;
				CLANG_WARN_ENUM_CONVERSION = YES;
				CLANG_WARN_INFINITE_RECURSION = YES;
				CLANG_WARN_INT_CONVERSION = YES;
				CLANG_WARN_NON_LITERAL_NULL_CONVERSION = YES;
				CLANG_WARN_OBJC_IMPLICIT_RETAIN_SELF = YES;
				CLANG_WARN_OBJC_LITERAL_CONVERSION = YES;
				CLANG_WARN_OBJC_ROOT_CLASS = YES_ERROR;
				CLANG_WARN_QUOTED_INCLUDE_IN_FRAMEWORK_HEADER = YES;
				CLANG_WARN_RANGE_LOOP_ANALYSIS = YES;
				CLANG_WARN_STRICT_PROTOTYPES = YES;
				CLANG_WARN_SUSPICIOUS_MOVE = YES;
				CLANG_WARN_UNGUARDED_AVAILABILITY = YES_AGGRESSIVE;
				CLANG_WARN_UNREACHABLE_CODE = YES;
				CLANG_WARN__DUPLICATE_METHOD_MATCH = YES;
				COPY_PHASE_STRIP = NO;
				DEBUG_INFORMATION_FORMAT = dwarf;
				DEVELOPMENT_TEAM = P53D29U9LJ;
				ENABLE_STRICT_OBJC_MSGSEND = YES;
				ENABLE_TESTABILITY = YES;
				ENABLE_USER_SCRIPT_SANDBOXING = YES;
				GCC_C_LANGUAGE_STANDARD = gnu17;
				GCC_DYNAMIC_NO_PIC = NO;
				GCC_NO_COMMON_BLOCKS = YES;
				GCC_OPTIMIZATION_LEVEL = 0;
				GCC_PREPROCESSOR_DEFINITIONS = (
					"DEBUG=1",
					"$(inherited)",
				);
				GCC_WARN_64_TO_32_BIT_CONVERSION = YES;
				GCC_WARN_ABOUT_RETURN_TYPE = YES_ERROR;
				GCC_WARN_UNDECLARED_SELECTOR = YES;
				GCC_WARN_UNINITIALIZED_AUTOS = YES_AGGRESSIVE;
				GCC_WARN_UNUSED_FUNCTION = YES;
				GCC_WARN_UNUSED_VARIABLE = YES;
				IPHONEOS_DEPLOYMENT_TARGET = 26.0;
				LOCALIZATION_PREFERS_STRING_CATALOGS = YES;
				MTL_ENABLE_DEBUG_INFO = INCLUDE_SOURCE;
				MTL_FAST_MATH = YES;
				ONLY_ACTIVE_ARCH = YES;
				SDKROOT = iphoneos;
			};
			name = Debug;
		};
		4F82BFDE2E2BB5EE00216AEA /* Release */ = {
			isa = XCBuildConfiguration;
			buildSettings = {
				ALWAYS_SEARCH_USER_PATHS = NO;
				ASSETCATALOG_COMPILER_GENERATE_SWIFT_ASSET_SYMBOL_EXTENSIONS = YES;
				CLANG_ANALYZER_NONNULL = YES;
				CLANG_ANALYZER_NUMBER_OBJECT_CONVERSION = YES_AGGRESSIVE;
				CLANG_CXX_LANGUAGE_STANDARD = "gnu++23";
				CLANG_ENABLE_MODULES = YES;
				CLANG_ENABLE_OBJC_ARC = NO;
				CLANG_ENABLE_OBJC_WEAK = YES;
				CLANG_WARN_BLOCK_CAPTURE_AUTORELEASING = YES;
				CLANG_WARN_BOOL_CONVERSION = YES;
				CLANG_WARN_COMMA = YES;
				CLANG_WARN_CONSTANT_CONVERSION = YES;
				CLANG_WARN_DEPRECATED_OBJC_IMPLEMENTATIONS = YES;
				CLANG_WARN_DIRECT_OBJC_ISA_USAGE = YES_ERROR;
				CLANG_WARN_DOCUMENTATION_COMMENTS = YES;
				CLANG_WARN_EMPTY_BODY = YES;
				CLANG_WARN_ENUM_CONVERSION = YES;
				CLANG_WARN_INFINITE_RECURSION = YES;
				CLANG_WARN_INT_CONVERSION = YES;
				CLANG_WARN_NON_LITERAL_NULL_CONVERSION = YES;
				CLANG_WARN_OBJC_IMPLICIT_RETAIN_SELF = YES;
				CLANG_WARN_OBJC_LITERAL_CONVERSION = YES;
				CLANG_WARN_OBJC_ROOT_CLASS = YES_ERROR;
				CLANG_WARN_QUOTED_INCLUDE_IN_FRAMEWORK_HEADER = YES;
				CLANG_WARN_RANGE_LOOP_ANALYSIS = YES;
				CLANG_WARN_STRICT_PROTOTYPES = YES;
				CLANG_WARN_SUSPICIOUS_MOVE = YES;
				CLANG_WARN_UNGUARDED_AVAILABILITY = YES_AGGRESSIVE;
				CLANG_WARN_UNREACHABLE_CODE = YES;
				CLANG_WARN__DUPLICATE_METHOD_MATCH = YES;
				COPY_PHASE_STRIP = NO;
				DEBUG_INFORMATION_FORMAT = "dwarf-with-dsym";
				DEVELOPMENT_TEAM = P53D29U9LJ;
				ENABLE_NS_ASSERTIONS = NO;
				ENABLE_STRICT_OBJC_MSGSEND = YES;
				ENABLE_USER_SCRIPT_SANDBOXING = YES;
				GCC_C_LANGUAGE_STANDARD = gnu17;
				GCC_NO_COMMON_BLOCKS = YES;
				GCC_WARN_64_TO_32_BIT_CONVERSION = YES;
				GCC_WARN_ABOUT_RETURN_TYPE = YES_ERROR;
				GCC_WARN_UNDECLARED_SELECTOR = YES;
				GCC_WARN_UNINITIALIZED_AUTOS = YES_AGGRESSIVE;
				GCC_WARN_UNUSED_FUNCTION = YES;
				GCC_WARN_UNUSED_VARIABLE = YES;
				IPHONEOS_DEPLOYMENT_TARGET = 26.0;
				LOCALIZATION_PREFERS_STRING_CATALOGS = YES;
				MTL_ENABLE_DEBUG_INFO = NO;
				MTL_FAST_MATH = YES;
				SDKROOT = iphoneos;
				VALIDATE_PRODUCT = YES;
			};
			name = Release;
		};
/* End XCBuildConfiguration section */

/* Begin XCConfigurationList section */
		4F82BFBD2E2BB5ED00216AEA /* Build configuration list for PBXProject "MyRE" */ = {
			isa = XCConfigurationList;
			buildConfigurations = (
				4F82BFDD2E2BB5EE00216AEA /* Debug */,
				4F82BFDE2E2BB5EE00216AEA /* Release */,
			);
			defaultConfigurationIsVisible = 0;
			defaultConfigurationName = Release;
		};
		4F82BFDA2E2BB5EE00216AEA /* Build configuration list for PBXNativeTarget "MyRE" */ = {
			isa = XCConfigurationList;
			buildConfigurations = (
				4F82BFDB2E2BB5EE00216AEA /* Debug */,
				4F82BFDC2E2BB5EE00216AEA /* Release */,
			);
			defaultConfigurationIsVisible = 0;
			defaultConfigurationName = Release;
		};
/* End XCConfigurationList section */
	};
	rootObject = 4F82BFBA2E2BB5ED00216AEA /* Project object */;
}
